
Microsoft Visual Studio Solution File, Format Version 12.00
# Visual Studio Version 16
VisualStudioVersion = 16.0.31205.134
MinimumVisualStudioVersion = 10.0.40219.1
Project("{FAE04EC0-301F-11D3-BF4B-00C04F79EFBC}") = "LineCamparison", "LineCamparison\LineCamparison.csproj", "{2435EC47-DF42-4C23-9DBA-9C9D5CB29BBC}"
EndProject
Project("{FAE04EC0-301F-11D3-BF4B-00C04F79EFBC}") = "UC1_LineComparison", "UC1_LineComparison\UC1_LineComparison.csproj", "{E9CBDEAC-5E06-4CC2-8112-E5B3A1EDA4BD}"
EndProject
Global
	GlobalSection(SolutionConfigurationPlatforms) = preSolution
		Debug|Any CPU = Debug|Any CPU
		Release|Any CPU = Release|Any CPU
	EndGlobalSection
	GlobalSection(ProjectConfigurationPlatforms) = postSolution
		{2435EC47-DF42-4C23-9DBA-9C9D5CB29BBC}.Debug|Any CPU.ActiveCfg = Debug|Any CPU
		{2435EC47-DF42-4C23-9DBA-9C9D5CB29BBC}.Debug|Any CPU.Build.0 = Debug|Any CPU
		{2435EC47-DF42-4C23-9DBA-9C9D5CB29BBC}.Release|Any CPU.ActiveCfg = Release|Any CPU
		{2435EC47-DF42-4C23-9DBA-9C9D5CB29BBC}.Release|Any CPU.Build.0 = Release|Any CPU
		{E9CBDEAC-5E06-4CC2-8112-E5B3A1EDA4BD}.Debug|Any CPU.ActiveCfg = Debug|Any CPU
		{E9CBDEAC-5E06-4CC2-8112-E5B3A1EDA4BD}.Debug|Any CPU.Build.0 = Debug|Any CPU
		{E9CBDEAC-5E06-4CC2-8112-E5B3A1EDA4BD}.Release|Any CPU.ActiveCfg = Release|Any CPU
		{E9CBDEAC-5E06-4CC2-8112-E5B3A1EDA4BD}.Release|Any CPU.Build.0 = Release|Any CPU
	EndGlobalSection
	GlobalSection(SolutionProperties) = preSolution
		HideSolutionNode = FALSE
	EndGlobalSection
	GlobalSection(ExtensibilityGlobals) = postSolution
		SolutionGuid = {A50EFE31-A614-4D75-89D1-493FD2A6A474}
	EndGlobalSection
EndGlobal
